// !$*UTF8*$!
{
	archiveVersion = 1;
	classes = {
	};
	objectVersion = 46;
	objects = {

/* Begin PBXBuildFile section */
		BE1175731B8B1395008F5D9D /* AppDelegate.swift in Sources */ = {isa = PBXBuildFile; fileRef = BE1175721B8B1395008F5D9D /* AppDelegate.swift */; };
		BE1175751B8B1395008F5D9D /* ViewController.swift in Sources */ = {isa = PBXBuildFile; fileRef = BE1175741B8B1395008F5D9D /* ViewController.swift */; };
		BE1175781B8B1395008F5D9D /* Main.storyboard in Resources */ = {isa = PBXBuildFile; fileRef = BE1175761B8B1395008F5D9D /* Main.storyboard */; };
		BE11757A1B8B1395008F5D9D /* Assets.xcassets in Resources */ = {isa = PBXBuildFile; fileRef = BE1175791B8B1395008F5D9D /* Assets.xcassets */; };
		BE11757D1B8B1395008F5D9D /* LaunchScreen.storyboard in Resources */ = {isa = PBXBuildFile; fileRef = BE11757B1B8B1395008F5D9D /* LaunchScreen.storyboard */; };
		BE1175881B8B1395008F5D9D /* ANZGoMoneyTests.swift in Sources */ = {isa = PBXBuildFile; fileRef = BE1175871B8B1395008F5D9D /* ANZGoMoneyTests.swift */; };
		BEEB15111B982BE6008F1D50 /* ANZGoMoneyAPI.h in Headers */ = {isa = PBXBuildFile; fileRef = BEEB15101B982BE6008F1D50 /* ANZGoMoneyAPI.h */; settings = {ATTRIBUTES = (Public, ); }; };
		BEEB15181B982BE6008F1D50 /* ANZGoMoneyAPI.framework in Frameworks */ = {isa = PBXBuildFile; fileRef = BEEB150E1B982BE6008F1D50 /* ANZGoMoneyAPI.framework */; };
		BEEB151F1B982BE6008F1D50 /* ANZGoMoneyAPITests.swift in Sources */ = {isa = PBXBuildFile; fileRef = BEEB151E1B982BE6008F1D50 /* ANZGoMoneyAPITests.swift */; };
		BEEB15231B982BE6008F1D50 /* ANZGoMoneyAPI.framework in Frameworks */ = {isa = PBXBuildFile; fileRef = BEEB150E1B982BE6008F1D50 /* ANZGoMoneyAPI.framework */; };
		BEEB15241B982BE6008F1D50 /* ANZGoMoneyAPI.framework in Embed Frameworks */ = {isa = PBXBuildFile; fileRef = BEEB150E1B982BE6008F1D50 /* ANZGoMoneyAPI.framework */; settings = {ATTRIBUTES = (CodeSignOnCopy, RemoveHeadersOnCopy, ); }; };
		BEEB152C1B982BF2008F1D50 /* ANZGoMoneyAPI.swift in Sources */ = {isa = PBXBuildFile; fileRef = BE0876EA1B8FF3590004F26B /* ANZGoMoneyAPI.swift */; };
/* End PBXBuildFile section */

/* Begin PBXContainerItemProxy section */
		BE1175841B8B1395008F5D9D /* PBXContainerItemProxy */ = {
			isa = PBXContainerItemProxy;
			containerPortal = BE1175671B8B1395008F5D9D /* Project object */;
			proxyType = 1;
			remoteGlobalIDString = BE11756E1B8B1395008F5D9D;
			remoteInfo = ANZGoMoney;
		};
		BEEB15191B982BE6008F1D50 /* PBXContainerItemProxy */ = {
			isa = PBXContainerItemProxy;
			containerPortal = BE1175671B8B1395008F5D9D /* Project object */;
			proxyType = 1;
			remoteGlobalIDString = BEEB150D1B982BE6008F1D50;
			remoteInfo = ANZGoMoneyAPI;
		};
		BEEB151B1B982BE6008F1D50 /* PBXContainerItemProxy */ = {
			isa = PBXContainerItemProxy;
			containerPortal = BE1175671B8B1395008F5D9D /* Project object */;
			proxyType = 1;
			remoteGlobalIDString = BE11756E1B8B1395008F5D9D;
			remoteInfo = ANZGoMoney;
		};
		BEEB15211B982BE6008F1D50 /* PBXContainerItemProxy */ = {
			isa = PBXContainerItemProxy;
			containerPortal = BE1175671B8B1395008F5D9D /* Project object */;
			proxyType = 1;
			remoteGlobalIDString = BEEB150D1B982BE6008F1D50;
			remoteInfo = ANZGoMoneyAPI;
		};
/* End PBXContainerItemProxy section */

/* Begin PBXCopyFilesBuildPhase section */
		BEEB152A1B982BE6008F1D50 /* Embed Frameworks */ = {
			isa = PBXCopyFilesBuildPhase;
			buildActionMask = 2147483647;
			dstPath = "";
			dstSubfolderSpec = 10;
			files = (
				BEEB15241B982BE6008F1D50 /* ANZGoMoneyAPI.framework in Embed Frameworks */,
			);
			name = "Embed Frameworks";
			runOnlyForDeploymentPostprocessing = 0;
		};
/* End PBXCopyFilesBuildPhase section */

/* Begin PBXFileReference section */
		BE0876EA1B8FF3590004F26B /* ANZGoMoneyAPI.swift */ = {isa = PBXFileReference; fileEncoding = 4; lastKnownFileType = sourcecode.swift; name = ANZGoMoneyAPI.swift; path = ../ANZGoMoney/ANZGoMoneyAPI.swift; sourceTree = "<group>"; };
		BE11756F1B8B1395008F5D9D /* ANZGoMoney.app */ = {isa = PBXFileReference; explicitFileType = wrapper.application; includeInIndex = 0; path = ANZGoMoney.app; sourceTree = BUILT_PRODUCTS_DIR; };
		BE1175721B8B1395008F5D9D /* AppDelegate.swift */ = {isa = PBXFileReference; lastKnownFileType = sourcecode.swift; path = AppDelegate.swift; sourceTree = "<group>"; };
		BE1175741B8B1395008F5D9D /* ViewController.swift */ = {isa = PBXFileReference; lastKnownFileType = sourcecode.swift; path = ViewController.swift; sourceTree = "<group>"; };
		BE1175771B8B1395008F5D9D /* Base */ = {isa = PBXFileReference; lastKnownFileType = file.storyboard; name = Base; path = Base.lproj/Main.storyboard; sourceTree = "<group>"; };
		BE1175791B8B1395008F5D9D /* Assets.xcassets */ = {isa = PBXFileReference; lastKnownFileType = folder.assetcatalog; path = Assets.xcassets; sourceTree = "<group>"; };
		BE11757C1B8B1395008F5D9D /* Base */ = {isa = PBXFileReference; lastKnownFileType = file.storyboard; name = Base; path = Base.lproj/LaunchScreen.storyboard; sourceTree = "<group>"; };
		BE11757E1B8B1395008F5D9D /* Info.plist */ = {isa = PBXFileReference; lastKnownFileType = text.plist.xml; path = Info.plist; sourceTree = "<group>"; };
		BE1175831B8B1395008F5D9D /* ANZGoMoneyTests.xctest */ = {isa = PBXFileReference; explicitFileType = wrapper.cfbundle; includeInIndex = 0; path = ANZGoMoneyTests.xctest; sourceTree = BUILT_PRODUCTS_DIR; };
		BE1175871B8B1395008F5D9D /* ANZGoMoneyTests.swift */ = {isa = PBXFileReference; lastKnownFileType = sourcecode.swift; path = ANZGoMoneyTests.swift; sourceTree = "<group>"; };
		BE1175891B8B1395008F5D9D /* Info.plist */ = {isa = PBXFileReference; lastKnownFileType = text.plist.xml; path = Info.plist; sourceTree = "<group>"; };
		BEEB150E1B982BE6008F1D50 /* ANZGoMoneyAPI.framework */ = {isa = PBXFileReference; explicitFileType = wrapper.framework; includeInIndex = 0; path = ANZGoMoneyAPI.framework; sourceTree = BUILT_PRODUCTS_DIR; };
		BEEB15101B982BE6008F1D50 /* ANZGoMoneyAPI.h */ = {isa = PBXFileReference; lastKnownFileType = sourcecode.c.h; path = ANZGoMoneyAPI.h; sourceTree = "<group>"; };
		BEEB15121B982BE6008F1D50 /* Info.plist */ = {isa = PBXFileReference; lastKnownFileType = text.plist.xml; path = Info.plist; sourceTree = "<group>"; };
		BEEB15171B982BE6008F1D50 /* ANZGoMoneyAPITests.xctest */ = {isa = PBXFileReference; explicitFileType = wrapper.cfbundle; includeInIndex = 0; path = ANZGoMoneyAPITests.xctest; sourceTree = BUILT_PRODUCTS_DIR; };
		BEEB151E1B982BE6008F1D50 /* ANZGoMoneyAPITests.swift */ = {isa = PBXFileReference; lastKnownFileType = sourcecode.swift; path = ANZGoMoneyAPITests.swift; sourceTree = "<group>"; };
		BEEB15201B982BE6008F1D50 /* Info.plist */ = {isa = PBXFileReference; lastKnownFileType = text.plist.xml; path = Info.plist; sourceTree = "<group>"; };
/* End PBXFileReference section */

/* Begin PBXFrameworksBuildPhase section */
		BE11756C1B8B1395008F5D9D /* Frameworks */ = {
			isa = PBXFrameworksBuildPhase;
			buildActionMask = 2147483647;
			files = (
				BEEB15231B982BE6008F1D50 /* ANZGoMoneyAPI.framework in Frameworks */,
			);
			runOnlyForDeploymentPostprocessing = 0;
		};
		BE1175801B8B1395008F5D9D /* Frameworks */ = {
			isa = PBXFrameworksBuildPhase;
			buildActionMask = 2147483647;
			files = (
			);
			runOnlyForDeploymentPostprocessing = 0;
		};
		BEEB150A1B982BE6008F1D50 /* Frameworks */ = {
			isa = PBXFrameworksBuildPhase;
			buildActionMask = 2147483647;
			files = (
			);
			runOnlyForDeploymentPostprocessing = 0;
		};
		BEEB15141B982BE6008F1D50 /* Frameworks */ = {
			isa = PBXFrameworksBuildPhase;
			buildActionMask = 2147483647;
			files = (
				BEEB15181B982BE6008F1D50 /* ANZGoMoneyAPI.framework in Frameworks */,
			);
			runOnlyForDeploymentPostprocessing = 0;
		};
/* End PBXFrameworksBuildPhase section */

/* Begin PBXGroup section */
		BE1175661B8B1395008F5D9D = {
			isa = PBXGroup;
			children = (
				BE1175711B8B1395008F5D9D /* ANZGoMoney */,
				BE1175861B8B1395008F5D9D /* ANZGoMoneyTests */,
				BEEB150F1B982BE6008F1D50 /* ANZGoMoneyAPI */,
				BEEB151D1B982BE6008F1D50 /* ANZGoMoneyAPITests */,
				BE1175701B8B1395008F5D9D /* Products */,
			);
			sourceTree = "<group>";
		};
		BE1175701B8B1395008F5D9D /* Products */ = {
			isa = PBXGroup;
			children = (
				BE11756F1B8B1395008F5D9D /* ANZGoMoney.app */,
				BE1175831B8B1395008F5D9D /* ANZGoMoneyTests.xctest */,
				BEEB150E1B982BE6008F1D50 /* ANZGoMoneyAPI.framework */,
				BEEB15171B982BE6008F1D50 /* ANZGoMoneyAPITests.xctest */,
			);
			name = Products;
			sourceTree = "<group>";
		};
		BE1175711B8B1395008F5D9D /* ANZGoMoney */ = {
			isa = PBXGroup;
			children = (
				BE1175721B8B1395008F5D9D /* AppDelegate.swift */,
				BE1175741B8B1395008F5D9D /* ViewController.swift */,
				BE1175761B8B1395008F5D9D /* Main.storyboard */,
				BE1175791B8B1395008F5D9D /* Assets.xcassets */,
				BE11757B1B8B1395008F5D9D /* LaunchScreen.storyboard */,
				BE11757E1B8B1395008F5D9D /* Info.plist */,
			);
			path = ANZGoMoney;
			sourceTree = "<group>";
		};
		BE1175861B8B1395008F5D9D /* ANZGoMoneyTests */ = {
			isa = PBXGroup;
			children = (
				BE1175871B8B1395008F5D9D /* ANZGoMoneyTests.swift */,
				BE1175891B8B1395008F5D9D /* Info.plist */,
			);
			path = ANZGoMoneyTests;
			sourceTree = "<group>";
		};
		BEEB150F1B982BE6008F1D50 /* ANZGoMoneyAPI */ = {
			isa = PBXGroup;
			children = (
				BE0876EA1B8FF3590004F26B /* ANZGoMoneyAPI.swift */,
				BEEB15101B982BE6008F1D50 /* ANZGoMoneyAPI.h */,
				BEEB15121B982BE6008F1D50 /* Info.plist */,
			);
			path = ANZGoMoneyAPI;
			sourceTree = "<group>";
		};
		BEEB151D1B982BE6008F1D50 /* ANZGoMoneyAPITests */ = {
			isa = PBXGroup;
			children = (
				BEEB151E1B982BE6008F1D50 /* ANZGoMoneyAPITests.swift */,
				BEEB15201B982BE6008F1D50 /* Info.plist */,
			);
			path = ANZGoMoneyAPITests;
			sourceTree = "<group>";
		};
/* End PBXGroup section */

/* Begin PBXHeadersBuildPhase section */
		BEEB150B1B982BE6008F1D50 /* Headers */ = {
			isa = PBXHeadersBuildPhase;
			buildActionMask = 2147483647;
			files = (
				BEEB15111B982BE6008F1D50 /* ANZGoMoneyAPI.h in Headers */,
			);
			runOnlyForDeploymentPostprocessing = 0;
		};
/* End PBXHeadersBuildPhase section */

/* Begin PBXNativeTarget section */
		BE11756E1B8B1395008F5D9D /* ANZGoMoney */ = {
			isa = PBXNativeTarget;
			buildConfigurationList = BE11758C1B8B1395008F5D9D /* Build configuration list for PBXNativeTarget "ANZGoMoney" */;
			buildPhases = (
				BE11756B1B8B1395008F5D9D /* Sources */,
				BE11756C1B8B1395008F5D9D /* Frameworks */,
				BE11756D1B8B1395008F5D9D /* Resources */,
				BEEB152A1B982BE6008F1D50 /* Embed Frameworks */,
			);
			buildRules = (
			);
			dependencies = (
				BEEB15221B982BE6008F1D50 /* PBXTargetDependency */,
			);
			name = ANZGoMoney;
			productName = ANZGoMoney;
			productReference = BE11756F1B8B1395008F5D9D /* ANZGoMoney.app */;
			productType = "com.apple.product-type.application";
		};
		BE1175821B8B1395008F5D9D /* ANZGoMoneyTests */ = {
			isa = PBXNativeTarget;
			buildConfigurationList = BE11758F1B8B1395008F5D9D /* Build configuration list for PBXNativeTarget "ANZGoMoneyTests" */;
			buildPhases = (
				BE11757F1B8B1395008F5D9D /* Sources */,
				BE1175801B8B1395008F5D9D /* Frameworks */,
				BE1175811B8B1395008F5D9D /* Resources */,
			);
			buildRules = (
			);
			dependencies = (
				BE1175851B8B1395008F5D9D /* PBXTargetDependency */,
			);
			name = ANZGoMoneyTests;
			productName = ANZGoMoneyTests;
			productReference = BE1175831B8B1395008F5D9D /* ANZGoMoneyTests.xctest */;
			productType = "com.apple.product-type.bundle.unit-test";
		};
		BEEB150D1B982BE6008F1D50 /* ANZGoMoneyAPI */ = {
			isa = PBXNativeTarget;
			buildConfigurationList = BEEB15291B982BE6008F1D50 /* Build configuration list for PBXNativeTarget "ANZGoMoneyAPI" */;
			buildPhases = (
				BEEB15091B982BE6008F1D50 /* Sources */,
				BEEB150A1B982BE6008F1D50 /* Frameworks */,
				BEEB150B1B982BE6008F1D50 /* Headers */,
				BEEB150C1B982BE6008F1D50 /* Resources */,
			);
			buildRules = (
			);
			dependencies = (
			);
			name = ANZGoMoneyAPI;
			productName = ANZGoMoneyAPI;
			productReference = BEEB150E1B982BE6008F1D50 /* ANZGoMoneyAPI.framework */;
			productType = "com.apple.product-type.framework";
		};
		BEEB15161B982BE6008F1D50 /* ANZGoMoneyAPITests */ = {
			isa = PBXNativeTarget;
			buildConfigurationList = BEEB152B1B982BE6008F1D50 /* Build configuration list for PBXNativeTarget "ANZGoMoneyAPITests" */;
			buildPhases = (
				BEEB15131B982BE6008F1D50 /* Sources */,
				BEEB15141B982BE6008F1D50 /* Frameworks */,
				BEEB15151B982BE6008F1D50 /* Resources */,
			);
			buildRules = (
			);
			dependencies = (
				BEEB151A1B982BE6008F1D50 /* PBXTargetDependency */,
				BEEB151C1B982BE6008F1D50 /* PBXTargetDependency */,
			);
			name = ANZGoMoneyAPITests;
			productName = ANZGoMoneyAPITests;
			productReference = BEEB15171B982BE6008F1D50 /* ANZGoMoneyAPITests.xctest */;
			productType = "com.apple.product-type.bundle.unit-test";
		};
/* End PBXNativeTarget section */

/* Begin PBXProject section */
		BE1175671B8B1395008F5D9D /* Project object */ = {
			isa = PBXProject;
			attributes = {
				LastUpgradeCheck = 0700;
				ORGANIZATIONNAME = "William Townsend";
				TargetAttributes = {
					BE11756E1B8B1395008F5D9D = {
						CreatedOnToolsVersion = 7.0;
					};
					BE1175821B8B1395008F5D9D = {
						CreatedOnToolsVersion = 7.0;
						TestTargetID = BE11756E1B8B1395008F5D9D;
					};
					BEEB150D1B982BE6008F1D50 = {
						CreatedOnToolsVersion = 7.0;
					};
					BEEB15161B982BE6008F1D50 = {
						CreatedOnToolsVersion = 7.0;
						TestTargetID = BE11756E1B8B1395008F5D9D;
					};
				};
			};
			buildConfigurationList = BE11756A1B8B1395008F5D9D /* Build configuration list for PBXProject "ANZGoMoney" */;
			compatibilityVersion = "Xcode 3.2";
			developmentRegion = English;
			hasScannedForEncodings = 0;
			knownRegions = (
				en,
				Base,
			);
			mainGroup = BE1175661B8B1395008F5D9D;
			productRefGroup = BE1175701B8B1395008F5D9D /* Products */;
			projectDirPath = "";
			projectRoot = "";
			targets = (
				BE11756E1B8B1395008F5D9D /* ANZGoMoney */,
				BE1175821B8B1395008F5D9D /* ANZGoMoneyTests */,
				BEEB150D1B982BE6008F1D50 /* ANZGoMoneyAPI */,
				BEEB15161B982BE6008F1D50 /* ANZGoMoneyAPITests */,
			);
		};
/* End PBXProject section */

/* Begin PBXResourcesBuildPhase section */
		BE11756D1B8B1395008F5D9D /* Resources */ = {
			isa = PBXResourcesBuildPhase;
			buildActionMask = 2147483647;
			files = (
				BE11757D1B8B1395008F5D9D /* LaunchScreen.storyboard in Resources */,
				BE11757A1B8B1395008F5D9D /* Assets.xcassets in Resources */,
				BE1175781B8B1395008F5D9D /* Main.storyboard in Resources */,
			);
			runOnlyForDeploymentPostprocessing = 0;
		};
		BE1175811B8B1395008F5D9D /* Resources */ = {
			isa = PBXResourcesBuildPhase;
			buildActionMask = 2147483647;
			files = (
			);
			runOnlyForDeploymentPostprocessing = 0;
		};
		BEEB150C1B982BE6008F1D50 /* Resources */ = {
			isa = PBXResourcesBuildPhase;
			buildActionMask = 2147483647;
			files = (
			);
			runOnlyForDeploymentPostprocessing = 0;
		};
		BEEB15151B982BE6008F1D50 /* Resources */ = {
			isa = PBXResourcesBuildPhase;
			buildActionMask = 2147483647;
			files = (
			);
			runOnlyForDeploymentPostprocessing = 0;
		};
/* End PBXResourcesBuildPhase section */

/* Begin PBXSourcesBuildPhase section */
		BE11756B1B8B1395008F5D9D /* Sources */ = {
			isa = PBXSourcesBuildPhase;
			buildActionMask = 2147483647;
			files = (
				BE1175751B8B1395008F5D9D /* ViewController.swift in Sources */,
				BE1175731B8B1395008F5D9D /* AppDelegate.swift in Sources */,
			);
			runOnlyForDeploymentPostprocessing = 0;
		};
		BE11757F1B8B1395008F5D9D /* Sources */ = {
			isa = PBXSourcesBuildPhase;
			buildActionMask = 2147483647;
			files = (
				BE1175881B8B1395008F5D9D /* ANZGoMoneyTests.swift in Sources */,
			);
			runOnlyForDeploymentPostprocessing = 0;
		};
		BEEB15091B982BE6008F1D50 /* Sources */ = {
			isa = PBXSourcesBuildPhase;
			buildActionMask = 2147483647;
			files = (
				BEEB152C1B982BF2008F1D50 /* ANZGoMoneyAPI.swift in Sources */,
			);
			runOnlyForDeploymentPostprocessing = 0;
		};
		BEEB15131B982BE6008F1D50 /* Sources */ = {
			isa = PBXSourcesBuildPhase;
			buildActionMask = 2147483647;
			files = (
				BEEB151F1B982BE6008F1D50 /* ANZGoMoneyAPITests.swift in Sources */,
			);
			runOnlyForDeploymentPostprocessing = 0;
		};
/* End PBXSourcesBuildPhase section */

/* Begin PBXTargetDependency section */
		BE1175851B8B1395008F5D9D /* PBXTargetDependency */ = {
			isa = PBXTargetDependency;
			target = BE11756E1B8B1395008F5D9D /* ANZGoMoney */;
			targetProxy = BE1175841B8B1395008F5D9D /* PBXContainerItemProxy */;
		};
		BEEB151A1B982BE6008F1D50 /* PBXTargetDependency */ = {
			isa = PBXTargetDependency;
			target = BEEB150D1B982BE6008F1D50 /* ANZGoMoneyAPI */;
			targetProxy = BEEB15191B982BE6008F1D50 /* PBXContainerItemProxy */;
		};
		BEEB151C1B982BE6008F1D50 /* PBXTargetDependency */ = {
			isa = PBXTargetDependency;
			target = BE11756E1B8B1395008F5D9D /* ANZGoMoney */;
			targetProxy = BEEB151B1B982BE6008F1D50 /* PBXContainerItemProxy */;
		};
		BEEB15221B982BE6008F1D50 /* PBXTargetDependency */ = {
			isa = PBXTargetDependency;
			target = BEEB150D1B982BE6008F1D50 /* ANZGoMoneyAPI */;
			targetProxy = BEEB15211B982BE6008F1D50 /* PBXContainerItemProxy */;
		};
/* End PBXTargetDependency section */

/* Begin PBXVariantGroup section */
		BE1175761B8B1395008F5D9D /* Main.storyboard */ = {
			isa = PBXVariantGroup;
			children = (
				BE1175771B8B1395008F5D9D /* Base */,
			);
			name = Main.storyboard;
			sourceTree = "<group>";
		};
		BE11757B1B8B1395008F5D9D /* LaunchScreen.storyboard */ = {
			isa = PBXVariantGroup;
			children = (
				BE11757C1B8B1395008F5D9D /* Base */,
			);
			name = LaunchScreen.storyboard;
			sourceTree = "<group>";
		};
/* End PBXVariantGroup section */

/* Begin XCBuildConfiguration section */
		BE11758A1B8B1395008F5D9D /* Debug */ = {
			isa = XCBuildConfiguration;
			buildSettings = {
				ALWAYS_SEARCH_USER_PATHS = NO;
				CLANG_CXX_LANGUAGE_STANDARD = "gnu++0x";
				CLANG_CXX_LIBRARY = "libc++";
				CLANG_ENABLE_MODULES = YES;
				CLANG_ENABLE_OBJC_ARC = YES;
				CLANG_WARN_BOOL_CONVERSION = YES;
				CLANG_WARN_CONSTANT_CONVERSION = YES;
				CLANG_WARN_DIRECT_OBJC_ISA_USAGE = YES_ERROR;
				CLANG_WARN_EMPTY_BODY = YES;
				CLANG_WARN_ENUM_CONVERSION = YES;
				CLANG_WARN_INT_CONVERSION = YES;
				CLANG_WARN_OBJC_ROOT_CLASS = YES_ERROR;
				CLANG_WARN_UNREACHABLE_CODE = YES;
				CLANG_WARN__DUPLICATE_METHOD_MATCH = YES;
				"CODE_SIGN_IDENTITY[sdk=iphoneos*]" = "iPhone Developer";
				COPY_PHASE_STRIP = NO;
				DEBUG_INFORMATION_FORMAT = dwarf;
				ENABLE_STRICT_OBJC_MSGSEND = YES;
				ENABLE_TESTABILITY = YES;
				GCC_C_LANGUAGE_STANDARD = gnu99;
				GCC_DYNAMIC_NO_PIC = NO;
				GCC_NO_COMMON_BLOCKS = YES;
				GCC_OPTIMIZATION_LEVEL = 0;
				GCC_PREPROCESSOR_DEFINITIONS = (
					"DEBUG=1",
					"$(inherited)",
				);
				GCC_WARN_64_TO_32_BIT_CONVERSION = YES;
				GCC_WARN_ABOUT_RETURN_TYPE = YES_ERROR;
				GCC_WARN_UNDECLARED_SELECTOR = YES;
				GCC_WARN_UNINITIALIZED_AUTOS = YES_AGGRESSIVE;
				GCC_WARN_UNUSED_FUNCTION = YES;
				GCC_WARN_UNUSED_VARIABLE = YES;
				IPHONEOS_DEPLOYMENT_TARGET = 9.0;
				MTL_ENABLE_DEBUG_INFO = YES;
				ONLY_ACTIVE_ARCH = YES;
				SDKROOT = iphoneos;
				SWIFT_OPTIMIZATION_LEVEL = "-Onone";
			};
			name = Debug;
		};
		BE11758B1B8B1395008F5D9D /* Release */ = {
			isa = XCBuildConfiguration;
			buildSettings = {
				ALWAYS_SEARCH_USER_PATHS = NO;
				CLANG_CXX_LANGUAGE_STANDARD = "gnu++0x";
				CLANG_CXX_LIBRARY = "libc++";
				CLANG_ENABLE_MODULES = YES;
				CLANG_ENABLE_OBJC_ARC = YES;
				CLANG_WARN_BOOL_CONVERSION = YES;
				CLANG_WARN_CONSTANT_CONVERSION = YES;
				CLANG_WARN_DIRECT_OBJC_ISA_USAGE = YES_ERROR;
				CLANG_WARN_EMPTY_BODY = YES;
				CLANG_WARN_ENUM_CONVERSION = YES;
				CLANG_WARN_INT_CONVERSION = YES;
				CLANG_WARN_OBJC_ROOT_CLASS = YES_ERROR;
				CLANG_WARN_UNREACHABLE_CODE = YES;
				CLANG_WARN__DUPLICATE_METHOD_MATCH = YES;
				"CODE_SIGN_IDENTITY[sdk=iphoneos*]" = "iPhone Developer";
				COPY_PHASE_STRIP = NO;
				DEBUG_INFORMATION_FORMAT = "dwarf-with-dsym";
				ENABLE_NS_ASSERTIONS = NO;
				ENABLE_STRICT_OBJC_MSGSEND = YES;
				GCC_C_LANGUAGE_STANDARD = gnu99;
				GCC_NO_COMMON_BLOCKS = YES;
				GCC_WARN_64_TO_32_BIT_CONVERSION = YES;
				GCC_WARN_ABOUT_RETURN_TYPE = YES_ERROR;
				GCC_WARN_UNDECLARED_SELECTOR = YES;
				GCC_WARN_UNINITIALIZED_AUTOS = YES_AGGRESSIVE;
				GCC_WARN_UNUSED_FUNCTION = YES;
				GCC_WARN_UNUSED_VARIABLE = YES;
				IPHONEOS_DEPLOYMENT_TARGET = 9.0;
				MTL_ENABLE_DEBUG_INFO = NO;
				SDKROOT = iphoneos;
				VALIDATE_PRODUCT = YES;
			};
			name = Release;
		};
		BE11758D1B8B1395008F5D9D /* Debug */ = {
			isa = XCBuildConfiguration;
			buildSettings = {
				ASSETCATALOG_COMPILER_APPICON_NAME = AppIcon;
				EMBEDDED_CONTENT_CONTAINS_SWIFT = YES;
				INFOPLIST_FILE = ANZGoMoney/Info.plist;
				LD_RUNPATH_SEARCH_PATHS = "$(inherited) @executable_path/Frameworks";
				PRODUCT_BUNDLE_IDENTIFIER = com.wtsnz.ANZGoMoney;
				PRODUCT_NAME = "$(TARGET_NAME)";
			};
			name = Debug;
		};
		BE11758E1B8B1395008F5D9D /* Release */ = {
			isa = XCBuildConfiguration;
			buildSettings = {
				ASSETCATALOG_COMPILER_APPICON_NAME = AppIcon;
				EMBEDDED_CONTENT_CONTAINS_SWIFT = YES;
				INFOPLIST_FILE = ANZGoMoney/Info.plist;
				LD_RUNPATH_SEARCH_PATHS = "$(inherited) @executable_path/Frameworks";
				PRODUCT_BUNDLE_IDENTIFIER = com.wtsnz.ANZGoMoney;
				PRODUCT_NAME = "$(TARGET_NAME)";
			};
			name = Release;
		};
		BE1175901B8B1395008F5D9D /* Debug */ = {
			isa = XCBuildConfiguration;
			buildSettings = {
				BUNDLE_LOADER = "$(TEST_HOST)";
				INFOPLIST_FILE = ANZGoMoneyTests/Info.plist;
				LD_RUNPATH_SEARCH_PATHS = "$(inherited) @executable_path/Frameworks @loader_path/Frameworks";
				PRODUCT_BUNDLE_IDENTIFIER = com.wtsnz.ANZGoMoneyTests;
				PRODUCT_NAME = "$(TARGET_NAME)";
				TEST_HOST = "$(BUILT_PRODUCTS_DIR)/ANZGoMoney.app/ANZGoMoney";
			};
			name = Debug;
		};
		BE1175911B8B1395008F5D9D /* Release */ = {
			isa = XCBuildConfiguration;
			buildSettings = {
				BUNDLE_LOADER = "$(TEST_HOST)";
				INFOPLIST_FILE = ANZGoMoneyTests/Info.plist;
				LD_RUNPATH_SEARCH_PATHS = "$(inherited) @executable_path/Frameworks @loader_path/Frameworks";
				PRODUCT_BUNDLE_IDENTIFIER = com.wtsnz.ANZGoMoneyTests;
				PRODUCT_NAME = "$(TARGET_NAME)";
				TEST_HOST = "$(BUILT_PRODUCTS_DIR)/ANZGoMoney.app/ANZGoMoney";
			};
			name = Release;
		};
		BEEB15251B982BE6008F1D50 /* Debug */ = {
			isa = XCBuildConfiguration;
			buildSettings = {
				CURRENT_PROJECT_VERSION = 1;
				DEFINES_MODULE = YES;
				DYLIB_COMPATIBILITY_VERSION = 1;
				DYLIB_CURRENT_VERSION = 1;
				DYLIB_INSTALL_NAME_BASE = "@rpath";
				INFOPLIST_FILE = ANZGoMoneyAPI/Info.plist;
				INSTALL_PATH = "$(LOCAL_LIBRARY_DIR)/Frameworks";
				LD_RUNPATH_SEARCH_PATHS = "$(inherited) @executable_path/Frameworks @loader_path/Frameworks";
				PRODUCT_BUNDLE_IDENTIFIER = com.wtsnz.ANZGoMoneyAPI;
				PRODUCT_NAME = "$(TARGET_NAME)";
				SKIP_INSTALL = YES;
				TARGETED_DEVICE_FAMILY = "1,2";
				VERSIONING_SYSTEM = "apple-generic";
				VERSION_INFO_PREFIX = "";
			};
			name = Debug;
		};
		BEEB15261B982BE6008F1D50 /* Release */ = {
			isa = XCBuildConfiguration;
			buildSettings = {
				CURRENT_PROJECT_VERSION = 1;
				DEFINES_MODULE = YES;
				DYLIB_COMPATIBILITY_VERSION = 1;
				DYLIB_CURRENT_VERSION = 1;
				DYLIB_INSTALL_NAME_BASE = "@rpath";
				INFOPLIST_FILE = ANZGoMoneyAPI/Info.plist;
				INSTALL_PATH = "$(LOCAL_LIBRARY_DIR)/Frameworks";
				LD_RUNPATH_SEARCH_PATHS = "$(inherited) @executable_path/Frameworks @loader_path/Frameworks";
				PRODUCT_BUNDLE_IDENTIFIER = com.wtsnz.ANZGoMoneyAPI;
				PRODUCT_NAME = "$(TARGET_NAME)";
				SKIP_INSTALL = YES;
				TARGETED_DEVICE_FAMILY = "1,2";
				VERSIONING_SYSTEM = "apple-generic";
				VERSION_INFO_PREFIX = "";
			};
			name = Release;
		};
		BEEB15271B982BE6008F1D50 /* Debug */ = {
			isa = XCBuildConfiguration;
			buildSettings = {
				INFOPLIST_FILE = ANZGoMoneyAPITests/Info.plist;
				LD_RUNPATH_SEARCH_PATHS = "$(inherited) @executable_path/Frameworks @loader_path/Frameworks";
				PRODUCT_BUNDLE_IDENTIFIER = com.wtsnz.ANZGoMoneyAPITests;
				PRODUCT_NAME = "$(TARGET_NAME)";
				TEST_HOST = "$(BUILT_PRODUCTS_DIR)/ANZGoMoney.app/ANZGoMoney";
			};
			name = Debug;
		};
		BEEB15281B982BE6008F1D50 /* Release */ = {
			isa = XCBuildConfiguration;
			buildSettings = {
				INFOPLIST_FILE = ANZGoMoneyAPITests/Info.plist;
				LD_RUNPATH_SEARCH_PATHS = "$(inherited) @executable_path/Frameworks @loader_path/Frameworks";
				PRODUCT_BUNDLE_IDENTIFIER = com.wtsnz.ANZGoMoneyAPITests;
				PRODUCT_NAME = "$(TARGET_NAME)";
				TEST_HOST = "$(BUILT_PRODUCTS_DIR)/ANZGoMoney.app/ANZGoMoney";
			};
			name = Release;
		};
/* End XCBuildConfiguration section */

/* Begin XCConfigurationList section */
		BE11756A1B8B1395008F5D9D /* Build configuration list for PBXProject "ANZGoMoney" */ = {
			isa = XCConfigurationList;
			buildConfigurations = (
				BE11758A1B8B1395008F5D9D /* Debug */,
				BE11758B1B8B1395008F5D9D /* Release */,
			);
			defaultConfigurationIsVisible = 0;
			defaultConfigurationName = Release;
		};
		BE11758C1B8B1395008F5D9D /* Build configuration list for PBXNativeTarget "ANZGoMoney" */ = {
			isa = XCConfigurationList;
			buildConfigurations = (
				BE11758D1B8B1395008F5D9D /* Debug */,
				BE11758E1B8B1395008F5D9D /* Release */,
			);
			defaultConfigurationIsVisible = 0;
			defaultConfigurationName = Release;
		};
		BE11758F1B8B1395008F5D9D /* Build configuration list for PBXNativeTarget "ANZGoMoneyTests" */ = {
			isa = XCConfigurationList;
			buildConfigurations = (
				BE1175901B8B1395008F5D9D /* Debug */,
				BE1175911B8B1395008F5D9D /* Release */,
			);
			defaultConfigurationIsVisible = 0;
			defaultConfigurationName = Release;
		};
		BEEB15291B982BE6008F1D50 /* Build configuration list for PBXNativeTarget "ANZGoMoneyAPI" */ = {
			isa = XCConfigurationList;
			buildConfigurations = (
				BEEB15251B982BE6008F1D50 /* Debug */,
				BEEB15261B982BE6008F1D50 /* Release */,
			);
			defaultConfigurationIsVisible = 0;
		};
		BEEB152B1B982BE6008F1D50 /* Build configuration list for PBXNativeTarget "ANZGoMoneyAPITests" */ = {
			isa = XCConfigurationList;
			buildConfigurations = (
				BEEB15271B982BE6008F1D50 /* Debug */,
				BEEB15281B982BE6008F1D50 /* Release */,
			);
			defaultConfigurationIsVisible = 0;
		};
/* End XCConfigurationList section */
	};
	rootObject = BE1175671B8B1395008F5D9D /* Project object */;
}
