PODS:
  - KeychainAccess (2.0.1)
  - ReactiveCocoa (4.0.2-alpha-1):
    - ReactiveCocoa/UI (= 4.0.2-alpha-1)
    - Result (~> 0.6-beta.1)
  - ReactiveCocoa/Core (4.0.2-alpha-1):
    - ReactiveCocoa/no-arc
    - Result (~> 0.6-beta.1)
  - ReactiveCocoa/no-arc (4.0.2-alpha-1):
    - Result (~> 0.6-beta.1)
  - ReactiveCocoa/UI (4.0.2-alpha-1):
    - ReactiveCocoa/Core
    - Result (~> 0.6-beta.1)
  - Result (0.6.0-beta.3)
  - SwiftyJSON (2.3.0)

DEPENDENCIES:
  - KeychainAccess
  - ReactiveCocoa (= 4.0.2-alpha-1)
  - SwiftyJSON (~> 2.3)

SPEC CHECKSUMS:
  KeychainAccess: 4f43261905701098847f6995a2de3fe8b90284df
  ReactiveCocoa: 652cf90e5de65708e7e2111f77405756da21aabe
  Result: b80bca7becdda9a2e44c4fd65b4b4a7b5db4cf9a
  SwiftyJSON: 8d6b61a70277ef2a5d710d372e06e7e2d87fb9e4

COCOAPODS: 0.39.0.rc.1
